
Microsoft Visual Studio Solution File, Format Version 12.00
# Visual Studio 15
VisualStudioVersion = 15.0.27703.2018
MinimumVisualStudioVersion = 10.0.40219.1
Project("{FAE04EC0-301F-11D3-BF4B-00C04F79EFBC}") = "WebApplication16", "WebApplication16\WebApplication16.csproj", "{D16A15BB-3DFB-401D-89C6-45DB3CB792D3}"
EndProject
Project("{FAE04EC0-301F-11D3-BF4B-00C04F79EFBC}") = "WebApplication16.Tests", "WebApplication16.Tests\WebApplication16.Tests.csproj", "{E8F19AEC-C843-409A-B5A6-982EF1DE3A58}"
EndProject
Global
	GlobalSection(SolutionConfigurationPlatforms) = preSolution
		Debug|Any CPU = Debug|Any CPU
		Release|Any CPU = Release|Any CPU
	EndGlobalSection
	GlobalSection(ProjectConfigurationPlatforms) = postSolution
		{D16A15BB-3DFB-401D-89C6-45DB3CB792D3}.Debug|Any CPU.ActiveCfg = Debug|Any CPU
		{D16A15BB-3DFB-401D-89C6-45DB3CB792D3}.Debug|Any CPU.Build.0 = Debug|Any CPU
		{D16A15BB-3DFB-401D-89C6-45DB3CB792D3}.Release|Any CPU.ActiveCfg = Release|Any CPU
		{D16A15BB-3DFB-401D-89C6-45DB3CB792D3}.Release|Any CPU.Build.0 = Release|Any CPU
		{E8F19AEC-C843-409A-B5A6-982EF1DE3A58}.Debug|Any CPU.ActiveCfg = Debug|Any CPU
		{E8F19AEC-C843-409A-B5A6-982EF1DE3A58}.Debug|Any CPU.Build.0 = Debug|Any CPU
		{E8F19AEC-C843-409A-B5A6-982EF1DE3A58}.Release|Any CPU.ActiveCfg = Release|Any CPU
		{E8F19AEC-C843-409A-B5A6-982EF1DE3A58}.Release|Any CPU.Build.0 = Release|Any CPU
	EndGlobalSection
	GlobalSection(SolutionProperties) = preSolution
		HideSolutionNode = FALSE
	EndGlobalSection
	GlobalSection(ExtensibilityGlobals) = postSolution
		SolutionGuid = {B9B9A633-FAC7-4408-8160-4939F0A8AD94}
	EndGlobalSection
EndGlobal
